
Microsoft Visual Studio Solution File, Format Version 12.00
# Visual Studio Version 16
VisualStudioVersion = 16.0.32407.337
MinimumVisualStudioVersion = 10.0.40219.1
Project("{9A19103F-16F7-4668-BE54-9A1E7A4F7556}") = "TestMod", "src/TestMod.csproj", "{9BD2A3DA-283D-4A4F-B0B6-063BACF9059E}"
EndProject
Global
	GlobalSection(SolutionConfigurationPlatforms) = preSolution
		Debug|Any CPU = Debug|Any CPU
		Release|Any CPU = Release|Any CPU
	EndGlobalSection
	GlobalSection(ProjectConfigurationPlatforms) = postSolution
		{9BD2A3DA-283D-4A4F-B0B6-063BACF9059E}.Debug|Any CPU.ActiveCfg = Debug|Any CPU
		{9BD2A3DA-283D-4A4F-B0B6-063BACF9059E}.Debug|Any CPU.Build.0 = Debug|Any CPU
		{9BD2A3DA-283D-4A4F-B0B6-063BACF9059E}.Release|Any CPU.ActiveCfg = Release|Any CPU
		{9BD2A3DA-283D-4A4F-B0B6-063BACF9059E}.Release|Any CPU.Build.0 = Release|Any CPU
	EndGlobalSection
	GlobalSection(SolutionProperties) = preSolution
		HideSolutionNode = FALSE
	EndGlobalSection
	GlobalSection(ExtensibilityGlobals) = postSolution
		SolutionGuid = {8F6EB259-65AC-441F-A900-86F900A06671}
	EndGlobalSection
EndGlobal
